
Microsoft Visual Studio Solution File, Format Version 12.00
# Visual Studio Version 17
VisualStudioVersion = 17.0.31903.59
MinimumVisualStudioVersion = 10.0.40219.1
Project("{FAE04EC0-301F-11D3-BF4B-00C04F79EFBC}") = "TecNM.Practica1.App", "TecNM.Practica1.App\TecNM.Practica1.App.csproj", "{A5F5855F-5554-4D48-82D3-5437943629A6}"
EndProject
Project("{FAE04EC0-301F-11D3-BF4B-00C04F79EFBC}") = "TecNM.Practica1.Core", "TecNM.Practica1.Core\TecNM.Practica1.Core.csproj", "{D0AD4242-7B8B-44E0-9580-BFF1B67A6A61}"
EndProject
Global
	GlobalSection(SolutionConfigurationPlatforms) = preSolution
		Debug|Any CPU = Debug|Any CPU
		Release|Any CPU = Release|Any CPU
	EndGlobalSection
	GlobalSection(SolutionProperties) = preSolution
		HideSolutionNode = FALSE
	EndGlobalSection
	GlobalSection(ProjectConfigurationPlatforms) = postSolution
		{A5F5855F-5554-4D48-82D3-5437943629A6}.Debug|Any CPU.ActiveCfg = Debug|Any CPU
		{A5F5855F-5554-4D48-82D3-5437943629A6}.Debug|Any CPU.Build.0 = Debug|Any CPU
		{A5F5855F-5554-4D48-82D3-5437943629A6}.Release|Any CPU.ActiveCfg = Release|Any CPU
		{A5F5855F-5554-4D48-82D3-5437943629A6}.Release|Any CPU.Build.0 = Release|Any CPU
		{D0AD4242-7B8B-44E0-9580-BFF1B67A6A61}.Debug|Any CPU.ActiveCfg = Debug|Any CPU
		{D0AD4242-7B8B-44E0-9580-BFF1B67A6A61}.Debug|Any CPU.Build.0 = Debug|Any CPU
		{D0AD4242-7B8B-44E0-9580-BFF1B67A6A61}.Release|Any CPU.ActiveCfg = Release|Any CPU
		{D0AD4242-7B8B-44E0-9580-BFF1B67A6A61}.Release|Any CPU.Build.0 = Release|Any CPU
	EndGlobalSection
EndGlobal
